
Microsoft Visual Studio Solution File, Format Version 12.00
# Visual Studio 15
VisualStudioVersion = 15.0.27703.2042
MinimumVisualStudioVersion = 10.0.40219.1
Project("{FAE04EC0-301F-11D3-BF4B-00C04F79EFBC}") = "MovieDemo", "SonyDemo\MovieDemo.csproj", "{0A6F75DE-608A-4F35-959F-0D8D58E33C34}"
EndProject
Project("{FAE04EC0-301F-11D3-BF4B-00C04F79EFBC}") = "MovieDemo.Tests", "SonyDemo.Tests\MovieDemo.Tests.csproj", "{487BEA68-9231-41E4-8575-6AD7C6A5DB6F}"
EndProject
Global
	GlobalSection(SolutionConfigurationPlatforms) = preSolution
		Debug|Any CPU = Debug|Any CPU
		Release|Any CPU = Release|Any CPU
	EndGlobalSection
	GlobalSection(ProjectConfigurationPlatforms) = postSolution
		{0A6F75DE-608A-4F35-959F-0D8D58E33C34}.Debug|Any CPU.ActiveCfg = Debug|Any CPU
		{0A6F75DE-608A-4F35-959F-0D8D58E33C34}.Debug|Any CPU.Build.0 = Debug|Any CPU
		{0A6F75DE-608A-4F35-959F-0D8D58E33C34}.Release|Any CPU.ActiveCfg = Release|Any CPU
		{0A6F75DE-608A-4F35-959F-0D8D58E33C34}.Release|Any CPU.Build.0 = Release|Any CPU
		{487BEA68-9231-41E4-8575-6AD7C6A5DB6F}.Debug|Any CPU.ActiveCfg = Debug|Any CPU
		{487BEA68-9231-41E4-8575-6AD7C6A5DB6F}.Debug|Any CPU.Build.0 = Debug|Any CPU
		{487BEA68-9231-41E4-8575-6AD7C6A5DB6F}.Release|Any CPU.ActiveCfg = Release|Any CPU
		{487BEA68-9231-41E4-8575-6AD7C6A5DB6F}.Release|Any CPU.Build.0 = Release|Any CPU
	EndGlobalSection
	GlobalSection(SolutionProperties) = preSolution
		HideSolutionNode = FALSE
	EndGlobalSection
	GlobalSection(ExtensibilityGlobals) = postSolution
		SolutionGuid = {1D2AC63B-26A1-4317-9B84-2910BC26673A}
	EndGlobalSection
EndGlobal
